
Microsoft Visual Studio Solution File, Format Version 12.00
# Visual Studio Version 17
VisualStudioVersion = 17.7.34024.191
MinimumVisualStudioVersion = 10.0.40219.1
Project("{FAE04EC0-301F-11D3-BF4B-00C04F79EFBC}") = "sql command2", "sql command2\sql command2.csproj", "{692B363C-BC32-4720-B234-C81DC1EA3267}"
EndProject
Global
	GlobalSection(SolutionConfigurationPlatforms) = preSolution
		Debug|Any CPU = Debug|Any CPU
		Release|Any CPU = Release|Any CPU
	EndGlobalSection
	GlobalSection(ProjectConfigurationPlatforms) = postSolution
		{692B363C-BC32-4720-B234-C81DC1EA3267}.Debug|Any CPU.ActiveCfg = Debug|Any CPU
		{692B363C-BC32-4720-B234-C81DC1EA3267}.Debug|Any CPU.Build.0 = Debug|Any CPU
		{692B363C-BC32-4720-B234-C81DC1EA3267}.Release|Any CPU.ActiveCfg = Release|Any CPU
		{692B363C-BC32-4720-B234-C81DC1EA3267}.Release|Any CPU.Build.0 = Release|Any CPU
	EndGlobalSection
	GlobalSection(SolutionProperties) = preSolution
		HideSolutionNode = FALSE
	EndGlobalSection
	GlobalSection(ExtensibilityGlobals) = postSolution
		SolutionGuid = {4172CFD3-777B-4FB8-A5B7-2328BD79438D}
	EndGlobalSection
EndGlobal
